
Microsoft Visual Studio Solution File, Format Version 12.00
# Visual Studio Version 17
VisualStudioVersion = 17.0.32014.148
MinimumVisualStudioVersion = 10.0.40219.1
Project("{FAE04EC0-301F-11D3-BF4B-00C04F79EFBC}") = "WebAPI", "WebAPI\WebAPI.csproj", "{B844A46F-0ACC-4375-9A80-48E6B72C70EF}"
EndProject
Global
	GlobalSection(SolutionConfigurationPlatforms) = preSolution
		Debug|Any CPU = Debug|Any CPU
		Release|Any CPU = Release|Any CPU
	EndGlobalSection
	GlobalSection(ProjectConfigurationPlatforms) = postSolution
		{B844A46F-0ACC-4375-9A80-48E6B72C70EF}.Debug|Any CPU.ActiveCfg = Debug|Any CPU
		{B844A46F-0ACC-4375-9A80-48E6B72C70EF}.Debug|Any CPU.Build.0 = Debug|Any CPU
		{B844A46F-0ACC-4375-9A80-48E6B72C70EF}.Release|Any CPU.ActiveCfg = Release|Any CPU
		{B844A46F-0ACC-4375-9A80-48E6B72C70EF}.Release|Any CPU.Build.0 = Release|Any CPU
	EndGlobalSection
	GlobalSection(SolutionProperties) = preSolution
		HideSolutionNode = FALSE
	EndGlobalSection
	GlobalSection(ExtensibilityGlobals) = postSolution
		SolutionGuid = {6E9AF0C5-C513-445D-ADFF-254FC6F0C0F3}
	EndGlobalSection
EndGlobal
